
Microsoft Visual Studio Solution File, Format Version 12.00
# Visual Studio Version 16
VisualStudioVersion = 16.0.31321.278
MinimumVisualStudioVersion = 10.0.40219.1
Project("{FAE04EC0-301F-11D3-BF4B-00C04F79EFBC}") = "LoyaltyPrimeData", "LoyaltyPrimeData\LoyaltyPrimeData.csproj", "{58BE291C-736A-440A-B289-74D5D5D1BCCA}"
EndProject
Project("{FAE04EC0-301F-11D3-BF4B-00C04F79EFBC}") = "LoyaltyPrimeDataManager", "LoyaltyPrimeDataManager\LoyaltyPrimeDataManager.csproj", "{BC07DBA5-010F-438C-AB26-560DA7A3D97B}"
EndProject
Project("{FAE04EC0-301F-11D3-BF4B-00C04F79EFBC}") = "LoyaltyPrimeDataManager.Library", "LoyaltyPrimeDataManager.Library\LoyaltyPrimeDataManager.Library.csproj", "{DBED9CE4-4B5B-4C6D-B3CC-D8CE98D095F7}"
EndProject
Project("{FAE04EC0-301F-11D3-BF4B-00C04F79EFBC}") = "LoyaltyPrimeUI.Library", "LoyaltyPrimeUI.Library\LoyaltyPrimeUI.Library.csproj", "{A350FBC3-F45F-4F6F-BEBB-A0F68862F767}"
EndProject
Project("{FAE04EC0-301F-11D3-BF4B-00C04F79EFBC}") = "LoyaltyPrimeWPF", "LoyaltyPrimeWPF\LoyaltyPrimeWPF.csproj", "{662CA2F6-47D2-47EB-89BD-49DEA586AC22}"
EndProject
Global
	GlobalSection(SolutionConfigurationPlatforms) = preSolution
		Debug|Any CPU = Debug|Any CPU
		Release|Any CPU = Release|Any CPU
	EndGlobalSection
	GlobalSection(ProjectConfigurationPlatforms) = postSolution
		{58BE291C-736A-440A-B289-74D5D5D1BCCA}.Debug|Any CPU.ActiveCfg = Debug|Any CPU
		{58BE291C-736A-440A-B289-74D5D5D1BCCA}.Debug|Any CPU.Build.0 = Debug|Any CPU
		{58BE291C-736A-440A-B289-74D5D5D1BCCA}.Release|Any CPU.ActiveCfg = Release|Any CPU
		{58BE291C-736A-440A-B289-74D5D5D1BCCA}.Release|Any CPU.Build.0 = Release|Any CPU
		{BC07DBA5-010F-438C-AB26-560DA7A3D97B}.Debug|Any CPU.ActiveCfg = Debug|Any CPU
		{BC07DBA5-010F-438C-AB26-560DA7A3D97B}.Debug|Any CPU.Build.0 = Debug|Any CPU
		{BC07DBA5-010F-438C-AB26-560DA7A3D97B}.Release|Any CPU.ActiveCfg = Release|Any CPU
		{BC07DBA5-010F-438C-AB26-560DA7A3D97B}.Release|Any CPU.Build.0 = Release|Any CPU
		{DBED9CE4-4B5B-4C6D-B3CC-D8CE98D095F7}.Debug|Any CPU.ActiveCfg = Debug|Any CPU
		{DBED9CE4-4B5B-4C6D-B3CC-D8CE98D095F7}.Debug|Any CPU.Build.0 = Debug|Any CPU
		{DBED9CE4-4B5B-4C6D-B3CC-D8CE98D095F7}.Release|Any CPU.ActiveCfg = Release|Any CPU
		{DBED9CE4-4B5B-4C6D-B3CC-D8CE98D095F7}.Release|Any CPU.Build.0 = Release|Any CPU
		{A350FBC3-F45F-4F6F-BEBB-A0F68862F767}.Debug|Any CPU.ActiveCfg = Debug|Any CPU
		{A350FBC3-F45F-4F6F-BEBB-A0F68862F767}.Debug|Any CPU.Build.0 = Debug|Any CPU
		{A350FBC3-F45F-4F6F-BEBB-A0F68862F767}.Release|Any CPU.ActiveCfg = Release|Any CPU
		{A350FBC3-F45F-4F6F-BEBB-A0F68862F767}.Release|Any CPU.Build.0 = Release|Any CPU
		{662CA2F6-47D2-47EB-89BD-49DEA586AC22}.Debug|Any CPU.ActiveCfg = Debug|Any CPU
		{662CA2F6-47D2-47EB-89BD-49DEA586AC22}.Debug|Any CPU.Build.0 = Debug|Any CPU
		{662CA2F6-47D2-47EB-89BD-49DEA586AC22}.Release|Any CPU.ActiveCfg = Release|Any CPU
		{662CA2F6-47D2-47EB-89BD-49DEA586AC22}.Release|Any CPU.Build.0 = Release|Any CPU
	EndGlobalSection
	GlobalSection(SolutionProperties) = preSolution
		HideSolutionNode = FALSE
	EndGlobalSection
	GlobalSection(ExtensibilityGlobals) = postSolution
		SolutionGuid = {4F178A98-698C-4D7C-8268-F6388273E09E}
	EndGlobalSection
EndGlobal
